// !$*UTF8*$!
{
	archiveVersion = 1;
	classes = {
	};
	objectVersion = 56;
	objects = {

/* Begin PBXBuildFile section */
		25AD5E602BE0CF6D000A2013 /* APIKeys.swift in Sources */ = {isa = PBXBuildFile; fileRef = 25AD5E5F2BE0CF6D000A2013 /* APIKeys.swift */; };
		25AD5E822BE1097A000A2013 /* Error.swift in Sources */ = {isa = PBXBuildFile; fileRef = 25AD5E812BE1097A000A2013 /* Error.swift */; };
		5E2573E32BB9674600DD7C86 /* AppDelegate.swift in Sources */ = {isa = PBXBuildFile; fileRef = 5E2573E22BB9674600DD7C86 /* AppDelegate.swift */; };
		5E2573E72BB9674600DD7C86 /* ViewController.swift in Sources */ = {isa = PBXBuildFile; fileRef = 5E2573E62BB9674600DD7C86 /* ViewController.swift */; };
		5E2573EA2BB9674600DD7C86 /* Main.storyboard in Resources */ = {isa = PBXBuildFile; fileRef = 5E2573E82BB9674600DD7C86 /* Main.storyboard */; };
		5E2573EC2BB9674800DD7C86 /* Assets.xcassets in Resources */ = {isa = PBXBuildFile; fileRef = 5E2573EB2BB9674800DD7C86 /* Assets.xcassets */; };
		5E2573EF2BB9674800DD7C86 /* LaunchScreen.storyboard in Resources */ = {isa = PBXBuildFile; fileRef = 5E2573ED2BB9674800DD7C86 /* LaunchScreen.storyboard */; };
		5E2573FB2BB9687A00DD7C86 /* WebService.swift in Sources */ = {isa = PBXBuildFile; fileRef = 5E2573FA2BB9687900DD7C86 /* WebService.swift */; };
		5E2574042BB9761C00DD7C86 /* WetherCell.swift in Sources */ = {isa = PBXBuildFile; fileRef = 5E2574032BB9761C00DD7C86 /* WetherCell.swift */; };
		5E2574072BB9783500DD7C86 /* DataCell.swift in Sources */ = {isa = PBXBuildFile; fileRef = 5E2574062BB9783500DD7C86 /* DataCell.swift */; };
		5E2574092BB97FB900DD7C86 /* WeatherResModel.swift in Sources */ = {isa = PBXBuildFile; fileRef = 5E2574082BB97FB900DD7C86 /* WeatherResModel.swift */; };
		5E25740B2BB9831300DD7C86 /* WeatherDataViewModel.swift in Sources */ = {isa = PBXBuildFile; fileRef = 5E25740A2BB9831300DD7C86 /* WeatherDataViewModel.swift */; };
		5E25740E2BB9896B00DD7C86 /* String+Extension.swift in Sources */ = {isa = PBXBuildFile; fileRef = 5E25740D2BB9896B00DD7C86 /* String+Extension.swift */; };
		5E2574102BB98FF200DD7C86 /* Double+Extension.swift in Sources */ = {isa = PBXBuildFile; fileRef = 5E25740F2BB98FF100DD7C86 /* Double+Extension.swift */; };
		5E2574122BB991E700DD7C86 /* UIImage+Extension.swift in Sources */ = {isa = PBXBuildFile; fileRef = 5E2574112BB991E600DD7C86 /* UIImage+Extension.swift */; };
/* End PBXBuildFile section */

/* Begin PBXFileReference section */
		25AD5E5F2BE0CF6D000A2013 /* APIKeys.swift */ = {isa = PBXFileReference; lastKnownFileType = sourcecode.swift; path = APIKeys.swift; sourceTree = "<group>"; };
		25AD5E812BE1097A000A2013 /* Error.swift */ = {isa = PBXFileReference; lastKnownFileType = sourcecode.swift; path = Error.swift; sourceTree = "<group>"; };
		5E2573DF2BB9674600DD7C86 /* CMExpertise Precticle.app */ = {isa = PBXFileReference; explicitFileType = wrapper.application; includeInIndex = 0; path = "CMExpertise Precticle.app"; sourceTree = BUILT_PRODUCTS_DIR; };
		5E2573E22BB9674600DD7C86 /* AppDelegate.swift */ = {isa = PBXFileReference; lastKnownFileType = sourcecode.swift; path = AppDelegate.swift; sourceTree = "<group>"; };
		5E2573E62BB9674600DD7C86 /* ViewController.swift */ = {isa = PBXFileReference; lastKnownFileType = sourcecode.swift; path = ViewController.swift; sourceTree = "<group>"; };
		5E2573E92BB9674600DD7C86 /* Base */ = {isa = PBXFileReference; lastKnownFileType = file.storyboard; name = Base; path = Base.lproj/Main.storyboard; sourceTree = "<group>"; };
		5E2573EB2BB9674800DD7C86 /* Assets.xcassets */ = {isa = PBXFileReference; lastKnownFileType = folder.assetcatalog; path = Assets.xcassets; sourceTree = "<group>"; };
		5E2573EE2BB9674800DD7C86 /* Base */ = {isa = PBXFileReference; lastKnownFileType = file.storyboard; name = Base; path = Base.lproj/LaunchScreen.storyboard; sourceTree = "<group>"; };
		5E2573F02BB9674800DD7C86 /* Info.plist */ = {isa = PBXFileReference; lastKnownFileType = text.plist.xml; path = Info.plist; sourceTree = "<group>"; };
		5E2573FA2BB9687900DD7C86 /* WebService.swift */ = {isa = PBXFileReference; lastKnownFileType = sourcecode.swift; path = WebService.swift; sourceTree = "<group>"; };
		5E2574032BB9761C00DD7C86 /* WetherCell.swift */ = {isa = PBXFileReference; lastKnownFileType = sourcecode.swift; path = WetherCell.swift; sourceTree = "<group>"; };
		5E2574062BB9783500DD7C86 /* DataCell.swift */ = {isa = PBXFileReference; lastKnownFileType = sourcecode.swift; path = DataCell.swift; sourceTree = "<group>"; };
		5E2574082BB97FB900DD7C86 /* WeatherResModel.swift */ = {isa = PBXFileReference; lastKnownFileType = sourcecode.swift; path = WeatherResModel.swift; sourceTree = "<group>"; };
		5E25740A2BB9831300DD7C86 /* WeatherDataViewModel.swift */ = {isa = PBXFileReference; lastKnownFileType = sourcecode.swift; path = WeatherDataViewModel.swift; sourceTree = "<group>"; };
		5E25740D2BB9896B00DD7C86 /* String+Extension.swift */ = {isa = PBXFileReference; lastKnownFileType = sourcecode.swift; path = "String+Extension.swift"; sourceTree = "<group>"; };
		5E25740F2BB98FF100DD7C86 /* Double+Extension.swift */ = {isa = PBXFileReference; lastKnownFileType = sourcecode.swift; path = "Double+Extension.swift"; sourceTree = "<group>"; };
		5E2574112BB991E600DD7C86 /* UIImage+Extension.swift */ = {isa = PBXFileReference; lastKnownFileType = sourcecode.swift; path = "UIImage+Extension.swift"; sourceTree = "<group>"; };
/* End PBXFileReference section */

/* Begin PBXFrameworksBuildPhase section */
		5E2573DC2BB9674600DD7C86 /* Frameworks */ = {
			isa = PBXFrameworksBuildPhase;
			buildActionMask = 2147483647;
			files = (
			);
			runOnlyForDeploymentPostprocessing = 0;
		};
/* End PBXFrameworksBuildPhase section */

/* Begin PBXGroup section */
		5E2573D62BB9674600DD7C86 = {
			isa = PBXGroup;
			children = (
				5E2573E12BB9674600DD7C86 /* CMExpertise Precticle */,
				5E2573E02BB9674600DD7C86 /* Products */,
			);
			sourceTree = "<group>";
		};
		5E2573E02BB9674600DD7C86 /* Products */ = {
			isa = PBXGroup;
			children = (
				5E2573DF2BB9674600DD7C86 /* CMExpertise Precticle.app */,
			);
			name = Products;
			sourceTree = "<group>";
		};
		5E2573E12BB9674600DD7C86 /* CMExpertise Precticle */ = {
			isa = PBXGroup;
			children = (
				5E25740C2BB9892200DD7C86 /* Extension */,
				5E2573F92BB9684E00DD7C86 /* Webservice */,
				5E2573F82BB9680500DD7C86 /* View */,
				5E2573F72BB967FA00DD7C86 /* ViewModel */,
				5E2573F62BB967F200DD7C86 /* Model */,
				5E2573E22BB9674600DD7C86 /* AppDelegate.swift */,
				5E2573E82BB9674600DD7C86 /* Main.storyboard */,
				5E2573EB2BB9674800DD7C86 /* Assets.xcassets */,
				5E2573ED2BB9674800DD7C86 /* LaunchScreen.storyboard */,
				5E2573F02BB9674800DD7C86 /* Info.plist */,
			);
			path = "CMExpertise Precticle";
			sourceTree = "<group>";
		};
		5E2573F62BB967F200DD7C86 /* Model */ = {
			isa = PBXGroup;
			children = (
				5E2574082BB97FB900DD7C86 /* WeatherResModel.swift */,
			);
			path = Model;
			sourceTree = "<group>";
		};
		5E2573F72BB967FA00DD7C86 /* ViewModel */ = {
			isa = PBXGroup;
			children = (
				5E25740A2BB9831300DD7C86 /* WeatherDataViewModel.swift */,
			);
			path = ViewModel;
			sourceTree = "<group>";
		};
		5E2573F82BB9680500DD7C86 /* View */ = {
			isa = PBXGroup;
			children = (
				5E2573FC2BB96FDD00DD7C86 /* HomeView */,
			);
			path = View;
			sourceTree = "<group>";
		};
		5E2573F92BB9684E00DD7C86 /* Webservice */ = {
			isa = PBXGroup;
			children = (
				5E2573FA2BB9687900DD7C86 /* WebService.swift */,
				25AD5E5F2BE0CF6D000A2013 /* APIKeys.swift */,
			);
			path = Webservice;
			sourceTree = "<group>";
		};
		5E2573FC2BB96FDD00DD7C86 /* HomeView */ = {
			isa = PBXGroup;
			children = (
				5E2574052BB9780A00DD7C86 /* CollectionCell */,
				5E2574022BB9760300DD7C86 /* TableCell */,
				5E2573E62BB9674600DD7C86 /* ViewController.swift */,
			);
			path = HomeView;
			sourceTree = "<group>";
		};
		5E2574022BB9760300DD7C86 /* TableCell */ = {
			isa = PBXGroup;
			children = (
				5E2574032BB9761C00DD7C86 /* WetherCell.swift */,
			);
			path = TableCell;
			sourceTree = "<group>";
		};
		5E2574052BB9780A00DD7C86 /* CollectionCell */ = {
			isa = PBXGroup;
			children = (
				5E2574062BB9783500DD7C86 /* DataCell.swift */,
			);
			path = CollectionCell;
			sourceTree = "<group>";
		};
		5E25740C2BB9892200DD7C86 /* Extension */ = {
			isa = PBXGroup;
			children = (
				5E25740D2BB9896B00DD7C86 /* String+Extension.swift */,
				5E25740F2BB98FF100DD7C86 /* Double+Extension.swift */,
				5E2574112BB991E600DD7C86 /* UIImage+Extension.swift */,
				25AD5E812BE1097A000A2013 /* Error.swift */,
			);
			path = Extension;
			sourceTree = "<group>";
		};
/* End PBXGroup section */

/* Begin PBXNativeTarget section */
		5E2573DE2BB9674600DD7C86 /* CMExpertise Precticle */ = {
			isa = PBXNativeTarget;
			buildConfigurationList = 5E2573F32BB9674800DD7C86 /* Build configuration list for PBXNativeTarget "CMExpertise Precticle" */;
			buildPhases = (
				5E2573DB2BB9674600DD7C86 /* Sources */,
				5E2573DC2BB9674600DD7C86 /* Frameworks */,
				5E2573DD2BB9674600DD7C86 /* Resources */,
			);
			buildRules = (
			);
			dependencies = (
			);
			name = "CMExpertise Precticle";
			productName = "CMExpertise Precticle";
			productReference = 5E2573DF2BB9674600DD7C86 /* CMExpertise Precticle.app */;
			productType = "com.apple.product-type.application";
		};
/* End PBXNativeTarget section */

/* Begin PBXProject section */
		5E2573D72BB9674600DD7C86 /* Project object */ = {
			isa = PBXProject;
			attributes = {
				BuildIndependentTargetsInParallel = 1;
				LastSwiftUpdateCheck = 1510;
				LastUpgradeCheck = 1510;
				TargetAttributes = {
					5E2573DE2BB9674600DD7C86 = {
						CreatedOnToolsVersion = 15.1;
					};
				};
			};
			buildConfigurationList = 5E2573DA2BB9674600DD7C86 /* Build configuration list for PBXProject "CMExpertise Precticle" */;
			compatibilityVersion = "Xcode 14.0";
			developmentRegion = en;
			hasScannedForEncodings = 0;
			knownRegions = (
				en,
				Base,
			);
			mainGroup = 5E2573D62BB9674600DD7C86;
			productRefGroup = 5E2573E02BB9674600DD7C86 /* Products */;
			projectDirPath = "";
			projectRoot = "";
			targets = (
				5E2573DE2BB9674600DD7C86 /* CMExpertise Precticle */,
			);
		};
/* End PBXProject section */

/* Begin PBXResourcesBuildPhase section */
		5E2573DD2BB9674600DD7C86 /* Resources */ = {
			isa = PBXResourcesBuildPhase;
			buildActionMask = 2147483647;
			files = (
				5E2573EF2BB9674800DD7C86 /* LaunchScreen.storyboard in Resources */,
				5E2573EC2BB9674800DD7C86 /* Assets.xcassets in Resources */,
				5E2573EA2BB9674600DD7C86 /* Main.storyboard in Resources */,
			);
			runOnlyForDeploymentPostprocessing = 0;
		};
/* End PBXResourcesBuildPhase section */

/* Begin PBXSourcesBuildPhase section */
		5E2573DB2BB9674600DD7C86 /* Sources */ = {
			isa = PBXSourcesBuildPhase;
			buildActionMask = 2147483647;
			files = (
				25AD5E602BE0CF6D000A2013 /* APIKeys.swift in Sources */,
				5E25740E2BB9896B00DD7C86 /* String+Extension.swift in Sources */,
				5E2573FB2BB9687A00DD7C86 /* WebService.swift in Sources */,
				5E2574102BB98FF200DD7C86 /* Double+Extension.swift in Sources */,
				25AD5E822BE1097A000A2013 /* Error.swift in Sources */,
				5E2573E72BB9674600DD7C86 /* ViewController.swift in Sources */,
				5E2574042BB9761C00DD7C86 /* WetherCell.swift in Sources */,
				5E2574072BB9783500DD7C86 /* DataCell.swift in Sources */,
				5E2573E32BB9674600DD7C86 /* AppDelegate.swift in Sources */,
				5E2574122BB991E700DD7C86 /* UIImage+Extension.swift in Sources */,
				5E2574092BB97FB900DD7C86 /* WeatherResModel.swift in Sources */,
				5E25740B2BB9831300DD7C86 /* WeatherDataViewModel.swift in Sources */,
			);
			runOnlyForDeploymentPostprocessing = 0;
		};
/* End PBXSourcesBuildPhase section */

/* Begin PBXVariantGroup section */
		5E2573E82BB9674600DD7C86 /* Main.storyboard */ = {
			isa = PBXVariantGroup;
			children = (
				5E2573E92BB9674600DD7C86 /* Base */,
			);
			name = Main.storyboard;
			sourceTree = "<group>";
		};
		5E2573ED2BB9674800DD7C86 /* LaunchScreen.storyboard */ = {
			isa = PBXVariantGroup;
			children = (
				5E2573EE2BB9674800DD7C86 /* Base */,
			);
			name = LaunchScreen.storyboard;
			sourceTree = "<group>";
		};
/* End PBXVariantGroup section */

/* Begin XCBuildConfiguration section */
		5E2573F12BB9674800DD7C86 /* Debug */ = {
			isa = XCBuildConfiguration;
			buildSettings = {
				ALWAYS_SEARCH_USER_PATHS = NO;
				ASSETCATALOG_COMPILER_GENERATE_SWIFT_ASSET_SYMBOL_EXTENSIONS = YES;
				CLANG_ANALYZER_NONNULL = YES;
				CLANG_ANALYZER_NUMBER_OBJECT_CONVERSION = YES_AGGRESSIVE;
				CLANG_CXX_LANGUAGE_STANDARD = "gnu++20";
				CLANG_ENABLE_MODULES = YES;
				CLANG_ENABLE_OBJC_ARC = YES;
				CLANG_ENABLE_OBJC_WEAK = YES;
				CLANG_WARN_BLOCK_CAPTURE_AUTORELEASING = YES;
				CLANG_WARN_BOOL_CONVERSION = YES;
				CLANG_WARN_COMMA = YES;
				CLANG_WARN_CONSTANT_CONVERSION = YES;
				CLANG_WARN_DEPRECATED_OBJC_IMPLEMENTATIONS = YES;
				CLANG_WARN_DIRECT_OBJC_ISA_USAGE = YES_ERROR;
				CLANG_WARN_DOCUMENTATION_COMMENTS = YES;
				CLANG_WARN_EMPTY_BODY = YES;
				CLANG_WARN_ENUM_CONVERSION = YES;
				CLANG_WARN_INFINITE_RECURSION = YES;
				CLANG_WARN_INT_CONVERSION = YES;
				CLANG_WARN_NON_LITERAL_NULL_CONVERSION = YES;
				CLANG_WARN_OBJC_IMPLICIT_RETAIN_SELF = YES;
				CLANG_WARN_OBJC_LITERAL_CONVERSION = YES;
				CLANG_WARN_OBJC_ROOT_CLASS = YES_ERROR;
				CLANG_WARN_QUOTED_INCLUDE_IN_FRAMEWORK_HEADER = YES;
				CLANG_WARN_RANGE_LOOP_ANALYSIS = YES;
				CLANG_WARN_STRICT_PROTOTYPES = YES;
				CLANG_WARN_SUSPICIOUS_MOVE = YES;
				CLANG_WARN_UNGUARDED_AVAILABILITY = YES_AGGRESSIVE;
				CLANG_WARN_UNREACHABLE_CODE = YES;
				CLANG_WARN__DUPLICATE_METHOD_MATCH = YES;
				COPY_PHASE_STRIP = NO;
				DEBUG_INFORMATION_FORMAT = dwarf;
				ENABLE_STRICT_OBJC_MSGSEND = YES;
				ENABLE_TESTABILITY = YES;
				ENABLE_USER_SCRIPT_SANDBOXING = YES;
				GCC_C_LANGUAGE_STANDARD = gnu17;
				GCC_DYNAMIC_NO_PIC = NO;
				GCC_NO_COMMON_BLOCKS = YES;
				GCC_OPTIMIZATION_LEVEL = 0;
				GCC_PREPROCESSOR_DEFINITIONS = (
					"DEBUG=1",
					"$(inherited)",
				);
				GCC_WARN_64_TO_32_BIT_CONVERSION = YES;
				GCC_WARN_ABOUT_RETURN_TYPE = YES_ERROR;
				GCC_WARN_UNDECLARED_SELECTOR = YES;
				GCC_WARN_UNINITIALIZED_AUTOS = YES_AGGRESSIVE;
				GCC_WARN_UNUSED_FUNCTION = YES;
				GCC_WARN_UNUSED_VARIABLE = YES;
				IPHONEOS_DEPLOYMENT_TARGET = 17.2;
				LOCALIZATION_PREFERS_STRING_CATALOGS = YES;
				MTL_ENABLE_DEBUG_INFO = INCLUDE_SOURCE;
				MTL_FAST_MATH = YES;
				ONLY_ACTIVE_ARCH = YES;
				SDKROOT = iphoneos;
				SWIFT_ACTIVE_COMPILATION_CONDITIONS = "DEBUG $(inherited)";
				SWIFT_OPTIMIZATION_LEVEL = "-Onone";
			};
			name = Debug;
		};
		5E2573F22BB9674800DD7C86 /* Release */ = {
			isa = XCBuildConfiguration;
			buildSettings = {
				ALWAYS_SEARCH_USER_PATHS = NO;
				ASSETCATALOG_COMPILER_GENERATE_SWIFT_ASSET_SYMBOL_EXTENSIONS = YES;
				CLANG_ANALYZER_NONNULL = YES;
				CLANG_ANALYZER_NUMBER_OBJECT_CONVERSION = YES_AGGRESSIVE;
				CLANG_CXX_LANGUAGE_STANDARD = "gnu++20";
				CLANG_ENABLE_MODULES = YES;
				CLANG_ENABLE_OBJC_ARC = YES;
				CLANG_ENABLE_OBJC_WEAK = YES;
				CLANG_WARN_BLOCK_CAPTURE_AUTORELEASING = YES;
				CLANG_WARN_BOOL_CONVERSION = YES;
				CLANG_WARN_COMMA = YES;
				CLANG_WARN_CONSTANT_CONVERSION = YES;
				CLANG_WARN_DEPRECATED_OBJC_IMPLEMENTATIONS = YES;
				CLANG_WARN_DIRECT_OBJC_ISA_USAGE = YES_ERROR;
				CLANG_WARN_DOCUMENTATION_COMMENTS = YES;
				CLANG_WARN_EMPTY_BODY = YES;
				CLANG_WARN_ENUM_CONVERSION = YES;
				CLANG_WARN_INFINITE_RECURSION = YES;
				CLANG_WARN_INT_CONVERSION = YES;
				CLANG_WARN_NON_LITERAL_NULL_CONVERSION = YES;
				CLANG_WARN_OBJC_IMPLICIT_RETAIN_SELF = YES;
				CLANG_WARN_OBJC_LITERAL_CONVERSION = YES;
				CLANG_WARN_OBJC_ROOT_CLASS = YES_ERROR;
				CLANG_WARN_QUOTED_INCLUDE_IN_FRAMEWORK_HEADER = YES;
				CLANG_WARN_RANGE_LOOP_ANALYSIS = YES;
				CLANG_WARN_STRICT_PROTOTYPES = YES;
				CLANG_WARN_SUSPICIOUS_MOVE = YES;
				CLANG_WARN_UNGUARDED_AVAILABILITY = YES_AGGRESSIVE;
				CLANG_WARN_UNREACHABLE_CODE = YES;
				CLANG_WARN__DUPLICATE_METHOD_MATCH = YES;
				COPY_PHASE_STRIP = NO;
				DEBUG_INFORMATION_FORMAT = "dwarf-with-dsym";
				ENABLE_NS_ASSERTIONS = NO;
				ENABLE_STRICT_OBJC_MSGSEND = YES;
				ENABLE_USER_SCRIPT_SANDBOXING = YES;
				GCC_C_LANGUAGE_STANDARD = gnu17;
				GCC_NO_COMMON_BLOCKS = YES;
				GCC_WARN_64_TO_32_BIT_CONVERSION = YES;
				GCC_WARN_ABOUT_RETURN_TYPE = YES_ERROR;
				GCC_WARN_UNDECLARED_SELECTOR = YES;
				GCC_WARN_UNINITIALIZED_AUTOS = YES_AGGRESSIVE;
				GCC_WARN_UNUSED_FUNCTION = YES;
				GCC_WARN_UNUSED_VARIABLE = YES;
				IPHONEOS_DEPLOYMENT_TARGET = 17.2;
				LOCALIZATION_PREFERS_STRING_CATALOGS = YES;
				MTL_ENABLE_DEBUG_INFO = NO;
				MTL_FAST_MATH = YES;
				SDKROOT = iphoneos;
				SWIFT_COMPILATION_MODE = wholemodule;
				VALIDATE_PRODUCT = YES;
			};
			name = Release;
		};
		5E2573F42BB9674800DD7C86 /* Debug */ = {
			isa = XCBuildConfiguration;
			buildSettings = {
				ASSETCATALOG_COMPILER_APPICON_NAME = AppIcon;
				ASSETCATALOG_COMPILER_GLOBAL_ACCENT_COLOR_NAME = AccentColor;
				CODE_SIGN_STYLE = Automatic;
				CURRENT_PROJECT_VERSION = 1;
				GENERATE_INFOPLIST_FILE = YES;
				INFOPLIST_FILE = "CMExpertise Precticle/Info.plist";
				INFOPLIST_KEY_UIApplicationSupportsIndirectInputEvents = YES;
				INFOPLIST_KEY_UILaunchStoryboardName = LaunchScreen;
				INFOPLIST_KEY_UIMainStoryboardFile = Main;
				INFOPLIST_KEY_UISupportedInterfaceOrientations_iPad = "UIInterfaceOrientationPortrait UIInterfaceOrientationPortraitUpsideDown UIInterfaceOrientationLandscapeLeft UIInterfaceOrientationLandscapeRight";
				INFOPLIST_KEY_UISupportedInterfaceOrientations_iPhone = "UIInterfaceOrientationPortrait UIInterfaceOrientationLandscapeLeft UIInterfaceOrientationLandscapeRight";
				LD_RUNPATH_SEARCH_PATHS = (
					"$(inherited)",
					"@executable_path/Frameworks",
				);
				MARKETING_VERSION = 1.0;
				PRODUCT_BUNDLE_IDENTIFIER = "dhananjay.CMExpertise-Precticle";
				PRODUCT_NAME = "$(TARGET_NAME)";
				SWIFT_EMIT_LOC_STRINGS = YES;
				SWIFT_VERSION = 5.0;
				TARGETED_DEVICE_FAMILY = "1,2";
			};
			name = Debug;
		};
		5E2573F52BB9674800DD7C86 /* Release */ = {
			isa = XCBuildConfiguration;
			buildSettings = {
				ASSETCATALOG_COMPILER_APPICON_NAME = AppIcon;
				ASSETCATALOG_COMPILER_GLOBAL_ACCENT_COLOR_NAME = AccentColor;
				CODE_SIGN_STYLE = Automatic;
				CURRENT_PROJECT_VERSION = 1;
				GENERATE_INFOPLIST_FILE = YES;
				INFOPLIST_FILE = "CMExpertise Precticle/Info.plist";
				INFOPLIST_KEY_UIApplicationSupportsIndirectInputEvents = YES;
				INFOPLIST_KEY_UILaunchStoryboardName = LaunchScreen;
				INFOPLIST_KEY_UIMainStoryboardFile = Main;
				INFOPLIST_KEY_UISupportedInterfaceOrientations_iPad = "UIInterfaceOrientationPortrait UIInterfaceOrientationPortraitUpsideDown UIInterfaceOrientationLandscapeLeft UIInterfaceOrientationLandscapeRight";
				INFOPLIST_KEY_UISupportedInterfaceOrientations_iPhone = "UIInterfaceOrientationPortrait UIInterfaceOrientationLandscapeLeft UIInterfaceOrientationLandscapeRight";
				LD_RUNPATH_SEARCH_PATHS = (
					"$(inherited)",
					"@executable_path/Frameworks",
				);
				MARKETING_VERSION = 1.0;
				PRODUCT_BUNDLE_IDENTIFIER = "dhananjay.CMExpertise-Precticle";
				PRODUCT_NAME = "$(TARGET_NAME)";
				SWIFT_EMIT_LOC_STRINGS = YES;
				SWIFT_VERSION = 5.0;
				TARGETED_DEVICE_FAMILY = "1,2";
			};
			name = Release;
		};
/* End XCBuildConfiguration section */

/* Begin XCConfigurationList section */
		5E2573DA2BB9674600DD7C86 /* Build configuration list for PBXProject "CMExpertise Precticle" */ = {
			isa = XCConfigurationList;
			buildConfigurations = (
				5E2573F12BB9674800DD7C86 /* Debug */,
				5E2573F22BB9674800DD7C86 /* Release */,
			);
			defaultConfigurationIsVisible = 0;
			defaultConfigurationName = Release;
		};
		5E2573F32BB9674800DD7C86 /* Build configuration list for PBXNativeTarget "CMExpertise Precticle" */ = {
			isa = XCConfigurationList;
			buildConfigurations = (
				5E2573F42BB9674800DD7C86 /* Debug */,
				5E2573F52BB9674800DD7C86 /* Release */,
			);
			defaultConfigurationIsVisible = 0;
			defaultConfigurationName = Release;
		};
/* End XCConfigurationList section */
	};
	rootObject = 5E2573D72BB9674600DD7C86 /* Project object */;
}
